
Microsoft Visual Studio Solution File, Format Version 12.00
# Visual Studio Version 16
VisualStudioVersion = 16.0.31410.357
MinimumVisualStudioVersion = 10.0.40219.1
Project("{FAE04EC0-301F-11D3-BF4B-00C04F79EFBC}") = "ServiceRequest", "Service Request\ServiceRequest.csproj", "{1A4CC740-1646-47DD-BD97-E239F59E839C}"
EndProject
Project("{FAE04EC0-301F-11D3-BF4B-00C04F79EFBC}") = "ServiceRequest.Tests", "Service Request.Tests\ServiceRequest.Tests.csproj", "{389D5E08-871D-454B-BA87-04721D6E284A}"
EndProject
Global
	GlobalSection(SolutionConfigurationPlatforms) = preSolution
		Debug|Any CPU = Debug|Any CPU
		Release|Any CPU = Release|Any CPU
	EndGlobalSection
	GlobalSection(ProjectConfigurationPlatforms) = postSolution
		{1A4CC740-1646-47DD-BD97-E239F59E839C}.Debug|Any CPU.ActiveCfg = Debug|Any CPU
		{1A4CC740-1646-47DD-BD97-E239F59E839C}.Debug|Any CPU.Build.0 = Debug|Any CPU
		{1A4CC740-1646-47DD-BD97-E239F59E839C}.Release|Any CPU.ActiveCfg = Release|Any CPU
		{1A4CC740-1646-47DD-BD97-E239F59E839C}.Release|Any CPU.Build.0 = Release|Any CPU
		{389D5E08-871D-454B-BA87-04721D6E284A}.Debug|Any CPU.ActiveCfg = Debug|Any CPU
		{389D5E08-871D-454B-BA87-04721D6E284A}.Debug|Any CPU.Build.0 = Debug|Any CPU
		{389D5E08-871D-454B-BA87-04721D6E284A}.Release|Any CPU.ActiveCfg = Release|Any CPU
		{389D5E08-871D-454B-BA87-04721D6E284A}.Release|Any CPU.Build.0 = Release|Any CPU
	EndGlobalSection
	GlobalSection(SolutionProperties) = preSolution
		HideSolutionNode = FALSE
	EndGlobalSection
	GlobalSection(ExtensibilityGlobals) = postSolution
		SolutionGuid = {B84BF322-75A2-4AEA-847F-44CBBAC216C0}
	EndGlobalSection
EndGlobal
